
Microsoft Visual Studio Solution File, Format Version 11.00
# Visual Studio 2010
Project("{FAE04EC0-301F-11D3-BF4B-00C04F79EFBC}") = "Assembly-CSharp", "Assembly-CSharp.csproj", "{BCB45248-BAE9-7BB3-58BC-8CF6B366DF7B}"
EndProject
Global
	GlobalSection(SolutionConfigurationPlatforms) = preSolution
		Debug|Any CPU = Debug|Any CPU
		Release|Any CPU = Release|Any CPU
	EndGlobalSection
	GlobalSection(ProjectConfigurationPlatforms) = postSolution
		{BCB45248-BAE9-7BB3-58BC-8CF6B366DF7B}.Debug|Any CPU.ActiveCfg = Debug|Any CPU
		{BCB45248-BAE9-7BB3-58BC-8CF6B366DF7B}.Debug|Any CPU.Build.0 = Debug|Any CPU
		{BCB45248-BAE9-7BB3-58BC-8CF6B366DF7B}.Release|Any CPU.ActiveCfg = Release|Any CPU
		{BCB45248-BAE9-7BB3-58BC-8CF6B366DF7B}.Release|Any CPU.Build.0 = Release|Any CPU
	EndGlobalSection
	GlobalSection(SolutionProperties) = preSolution
		HideSolutionNode = FALSE
	EndGlobalSection
	GlobalSection(MonoDevelopProperties) = preSolution
		StartupItem = Assembly-CSharp.csproj
	EndGlobalSection
EndGlobal
